
Microsoft Visual Studio Solution File, Format Version 12.00
# Visual Studio Version 17
VisualStudioVersion = 17.5.33414.496
MinimumVisualStudioVersion = 10.0.40219.1
Project("{FAE04EC0-301F-11D3-BF4B-00C04F79EFBC}") = "OOPsProgramStatement", "OOPsProgramStatement.csproj", "{7D109A6D-598A-40C4-81D1-F815605C7C32}"
EndProject
Global
	GlobalSection(SolutionConfigurationPlatforms) = preSolution
		Debug|Any CPU = Debug|Any CPU
		Release|Any CPU = Release|Any CPU
	EndGlobalSection
	GlobalSection(ProjectConfigurationPlatforms) = postSolution
		{7D109A6D-598A-40C4-81D1-F815605C7C32}.Debug|Any CPU.ActiveCfg = Debug|Any CPU
		{7D109A6D-598A-40C4-81D1-F815605C7C32}.Debug|Any CPU.Build.0 = Debug|Any CPU
		{7D109A6D-598A-40C4-81D1-F815605C7C32}.Release|Any CPU.ActiveCfg = Release|Any CPU
		{7D109A6D-598A-40C4-81D1-F815605C7C32}.Release|Any CPU.Build.0 = Release|Any CPU
	EndGlobalSection
	GlobalSection(SolutionProperties) = preSolution
		HideSolutionNode = FALSE
	EndGlobalSection
	GlobalSection(ExtensibilityGlobals) = postSolution
		SolutionGuid = {E0C1FA8E-CCDB-4417-997C-22286710317F}
	EndGlobalSection
EndGlobal
